
Microsoft Visual Studio Solution File, Format Version 12.00
# Visual Studio 15
VisualStudioVersion = 15.0.28307.960
MinimumVisualStudioVersion = 10.0.40219.1
Project("{FAE04EC0-301F-11D3-BF4B-00C04F79EFBC}") = "ExBreak", "ExBreak\ExBreak.csproj", "{A006B8A5-31C5-4EC4-8331-81ED7DF21DE0}"
EndProject
Global
	GlobalSection(SolutionConfigurationPlatforms) = preSolution
		Debug|Any CPU = Debug|Any CPU
		Release|Any CPU = Release|Any CPU
	EndGlobalSection
	GlobalSection(ProjectConfigurationPlatforms) = postSolution
		{A006B8A5-31C5-4EC4-8331-81ED7DF21DE0}.Debug|Any CPU.ActiveCfg = Debug|Any CPU
		{A006B8A5-31C5-4EC4-8331-81ED7DF21DE0}.Debug|Any CPU.Build.0 = Debug|Any CPU
		{A006B8A5-31C5-4EC4-8331-81ED7DF21DE0}.Release|Any CPU.ActiveCfg = Release|Any CPU
		{A006B8A5-31C5-4EC4-8331-81ED7DF21DE0}.Release|Any CPU.Build.0 = Release|Any CPU
	EndGlobalSection
	GlobalSection(SolutionProperties) = preSolution
		HideSolutionNode = FALSE
	EndGlobalSection
	GlobalSection(ExtensibilityGlobals) = postSolution
		SolutionGuid = {417B7ED8-B326-4D43-AAF3-869D5B6D20F6}
	EndGlobalSection
EndGlobal
